Microsoft Visual Studio Solution File, Format Version 11.00
# Visual Studio 2008

Project("{481FC3EE-A641-6FC4-9FC6-230203465B59}") = "2D Platformer Demo", "Assembly-CSharp-firstpass.csproj", "{F7D7F9E1-B96C-FA29-B809-7C7B890164F9}"
EndProject
Project("{481FC3EE-A641-6FC4-9FC6-230203465B59}") = "2D Platformer Demo", "Assembly-CSharp.csproj", "{6292AF8B-A9F8-E136-1732-110F5867804C}"
EndProject
Project("{481FC3EE-A641-6FC4-9FC6-230203465B59}") = "2D Platformer Demo", "Assembly-CSharp-Editor.csproj", "{D74FA068-A366-636E-6411-DCD241DD35BD}"
EndProject
Global
	GlobalSection(SolutionConfigurationPlatforms) = preSolution
		Debug|Any CPU = Debug|Any CPU
		Release|Any CPU = Release|Any CPU
	EndGlobalSection
	GlobalSection(ProjectConfigurationPlatforms) = postSolution
		{F7D7F9E1-B96C-FA29-B809-7C7B890164F9}.Debug|Any CPU.ActiveCfg = Debug|Any CPU
		{F7D7F9E1-B96C-FA29-B809-7C7B890164F9}.Debug|Any CPU.Build.0 = Debug|Any CPU
		{F7D7F9E1-B96C-FA29-B809-7C7B890164F9}.Release|Any CPU.ActiveCfg = Release|Any CPU
		{F7D7F9E1-B96C-FA29-B809-7C7B890164F9}.Release|Any CPU.Build.0 = Release|Any CPU
		{6292AF8B-A9F8-E136-1732-110F5867804C}.Debug|Any CPU.ActiveCfg = Debug|Any CPU
		{6292AF8B-A9F8-E136-1732-110F5867804C}.Debug|Any CPU.Build.0 = Debug|Any CPU
		{6292AF8B-A9F8-E136-1732-110F5867804C}.Release|Any CPU.ActiveCfg = Release|Any CPU
		{6292AF8B-A9F8-E136-1732-110F5867804C}.Release|Any CPU.Build.0 = Release|Any CPU
		{D74FA068-A366-636E-6411-DCD241DD35BD}.Debug|Any CPU.ActiveCfg = Debug|Any CPU
		{D74FA068-A366-636E-6411-DCD241DD35BD}.Debug|Any CPU.Build.0 = Debug|Any CPU
		{D74FA068-A366-636E-6411-DCD241DD35BD}.Release|Any CPU.ActiveCfg = Release|Any CPU
		{D74FA068-A366-636E-6411-DCD241DD35BD}.Release|Any CPU.Build.0 = Release|Any CPU
	EndGlobalSection
	GlobalSection(SolutionProperties) = preSolution
		HideSolutionNode = FALSE
	EndGlobalSection
																																																																			GlobalSection(MonoDevelopProperties) = preSolution
		StartupItem = Assembly-CSharp.csproj
		Policies = $0
		$0.TextStylePolicy = $1
		$1.inheritsSet = null
		$1.scope = text/x-csharp
		$0.CSharpFormattingPolicy = $2
		$2.inheritsSet = Mono
		$2.inheritsScope = text/x-csharp
		$2.scope = text/x-csharp
		$0.TextStylePolicy = $3
		$3.FileWidth = 120
		$3.TabWidth = 4
		$3.EolMarker = Unix
		$3.inheritsSet = Mono
		$3.inheritsScope = text/plain
		$3.scope = text/plain
	EndGlobalSection
EndGlobal
